// !$*UTF8*$!
{
	archiveVersion = 1;
	classes = {
	};
	objectVersion = 46;
	objects = {

/* Begin PBXBuildFile section */
		4443DCEA1640315300886C40 /* UIMovieClip.m in Sources */ = {isa = PBXBuildFile; fileRef = 4443DCE91640315300886C40 /* UIMovieClip.m */; };
		4458E10416637B4D00F51B57 /* Elisabeth0001.png in Resources */ = {isa = PBXBuildFile; fileRef = 4458E09716637B4D00F51B57 /* Elisabeth0001.png */; };
		4458E10516637B4D00F51B57 /* Elisabeth0002.png in Resources */ = {isa = PBXBuildFile; fileRef = 4458E09816637B4D00F51B57 /* Elisabeth0002.png */; };
		4458E10616637B4D00F51B57 /* Elisabeth0003.png in Resources */ = {isa = PBXBuildFile; fileRef = 4458E09916637B4D00F51B57 /* Elisabeth0003.png */; };
		4458E10716637B4D00F51B57 /* Elisabeth0004.png in Resources */ = {isa = PBXBuildFile; fileRef = 4458E09A16637B4D00F51B57 /* Elisabeth0004.png */; };
		4458E10816637B4D00F51B57 /* Elisabeth0005.png in Resources */ = {isa = PBXBuildFile; fileRef = 4458E09B16637B4D00F51B57 /* Elisabeth0005.png */; };
		4458E10916637B4D00F51B57 /* Elisabeth0006.png in Resources */ = {isa = PBXBuildFile; fileRef = 4458E09C16637B4D00F51B57 /* Elisabeth0006.png */; };
		4458E10A16637B4D00F51B57 /* Elisabeth0007.png in Resources */ = {isa = PBXBuildFile; fileRef = 4458E09D16637B4D00F51B57 /* Elisabeth0007.png */; };
		4458E10B16637B4D00F51B57 /* Elisabeth0008.png in Resources */ = {isa = PBXBuildFile; fileRef = 4458E09E16637B4D00F51B57 /* Elisabeth0008.png */; };
		4458E10C16637B4D00F51B57 /* Elisabeth0009.png in Resources */ = {isa = PBXBuildFile; fileRef = 4458E09F16637B4D00F51B57 /* Elisabeth0009.png */; };
		4458E10D16637B4D00F51B57 /* Elisabeth0010.png in Resources */ = {isa = PBXBuildFile; fileRef = 4458E0A016637B4D00F51B57 /* Elisabeth0010.png */; };
		4458E10E16637B4D00F51B57 /* Elisabeth0011.png in Resources */ = {isa = PBXBuildFile; fileRef = 4458E0A116637B4D00F51B57 /* Elisabeth0011.png */; };
		4458E10F16637B4D00F51B57 /* Elisabeth0012.png in Resources */ = {isa = PBXBuildFile; fileRef = 4458E0A216637B4D00F51B57 /* Elisabeth0012.png */; };
		4458E11016637B4D00F51B57 /* Elisabeth0013.png in Resources */ = {isa = PBXBuildFile; fileRef = 4458E0A316637B4D00F51B57 /* Elisabeth0013.png */; };
		4458E11116637B4D00F51B57 /* Elisabeth0014.png in Resources */ = {isa = PBXBuildFile; fileRef = 4458E0A416637B4D00F51B57 /* Elisabeth0014.png */; };
		4458E11216637B4D00F51B57 /* Elisabeth0015.png in Resources */ = {isa = PBXBuildFile; fileRef = 4458E0A516637B4D00F51B57 /* Elisabeth0015.png */; };
		4458E11316637B4D00F51B57 /* Elisabeth0016.png in Resources */ = {isa = PBXBuildFile; fileRef = 4458E0A616637B4D00F51B57 /* Elisabeth0016.png */; };
		4458E11416637B4D00F51B57 /* Elisabeth0017.png in Resources */ = {isa = PBXBuildFile; fileRef = 4458E0A716637B4D00F51B57 /* Elisabeth0017.png */; };
		4458E11516637B4D00F51B57 /* Elisabeth0018.png in Resources */ = {isa = PBXBuildFile; fileRef = 4458E0A816637B4D00F51B57 /* Elisabeth0018.png */; };
		4458E11616637B4D00F51B57 /* Elisabeth0019.png in Resources */ = {isa = PBXBuildFile; fileRef = 4458E0A916637B4D00F51B57 /* Elisabeth0019.png */; };
		4458E11716637B4D00F51B57 /* Elisabeth0020.png in Resources */ = {isa = PBXBuildFile; fileRef = 4458E0AA16637B4D00F51B57 /* Elisabeth0020.png */; };
		4458E11816637B4D00F51B57 /* Elisabeth0021.png in Resources */ = {isa = PBXBuildFile; fileRef = 4458E0AB16637B4D00F51B57 /* Elisabeth0021.png */; };
		4458E11916637B4D00F51B57 /* Elisabeth0022.png in Resources */ = {isa = PBXBuildFile; fileRef = 4458E0AC16637B4D00F51B57 /* Elisabeth0022.png */; };
		4458E11A16637B4D00F51B57 /* Elisabeth0023.png in Resources */ = {isa = PBXBuildFile; fileRef = 4458E0AD16637B4D00F51B57 /* Elisabeth0023.png */; };
		4458E11B16637B4D00F51B57 /* Elisabeth0024.png in Resources */ = {isa = PBXBuildFile; fileRef = 4458E0AE16637B4D00F51B57 /* Elisabeth0024.png */; };
		4458E11C16637B4D00F51B57 /* Elisabeth0025.png in Resources */ = {isa = PBXBuildFile; fileRef = 4458E0AF16637B4D00F51B57 /* Elisabeth0025.png */; };
		4458E11D16637B4D00F51B57 /* Elisabeth0026.png in Resources */ = {isa = PBXBuildFile; fileRef = 4458E0B016637B4D00F51B57 /* Elisabeth0026.png */; };
		4458E11E16637B4D00F51B57 /* Elisabeth0027.png in Resources */ = {isa = PBXBuildFile; fileRef = 4458E0B116637B4D00F51B57 /* Elisabeth0027.png */; };
		4458E11F16637B4D00F51B57 /* Elisabeth0028.png in Resources */ = {isa = PBXBuildFile; fileRef = 4458E0B216637B4D00F51B57 /* Elisabeth0028.png */; };
		4458E12016637B4D00F51B57 /* Elisabeth0029.png in Resources */ = {isa = PBXBuildFile; fileRef = 4458E0B316637B4D00F51B57 /* Elisabeth0029.png */; };
		4458E12116637B4D00F51B57 /* Elisabeth0030.png in Resources */ = {isa = PBXBuildFile; fileRef = 4458E0B416637B4D00F51B57 /* Elisabeth0030.png */; };
		4458E12216637B4D00F51B57 /* Elisabeth0031.png in Resources */ = {isa = PBXBuildFile; fileRef = 4458E0B516637B4D00F51B57 /* Elisabeth0031.png */; };
		4458E12316637B4D00F51B57 /* Elisabeth0032.png in Resources */ = {isa = PBXBuildFile; fileRef = 4458E0B616637B4D00F51B57 /* Elisabeth0032.png */; };
		4458E12416637B4D00F51B57 /* Elisabeth0033.png in Resources */ = {isa = PBXBuildFile; fileRef = 4458E0B716637B4D00F51B57 /* Elisabeth0033.png */; };
		4458E12516637B4D00F51B57 /* Elisabeth0034.png in Resources */ = {isa = PBXBuildFile; fileRef = 4458E0B816637B4D00F51B57 /* Elisabeth0034.png */; };
		4458E12616637B4D00F51B57 /* Elisabeth0035.png in Resources */ = {isa = PBXBuildFile; fileRef = 4458E0B916637B4D00F51B57 /* Elisabeth0035.png */; };
		4458E12716637B4D00F51B57 /* Elisabeth0036.png in Resources */ = {isa = PBXBuildFile; fileRef = 4458E0BA16637B4D00F51B57 /* Elisabeth0036.png */; };
		4458E12816637B4D00F51B57 /* Elisabeth0037.png in Resources */ = {isa = PBXBuildFile; fileRef = 4458E0BB16637B4D00F51B57 /* Elisabeth0037.png */; };
		4458E12916637B4D00F51B57 /* Elisabeth0038.png in Resources */ = {isa = PBXBuildFile; fileRef = 4458E0BC16637B4D00F51B57 /* Elisabeth0038.png */; };
		4458E12A16637B4D00F51B57 /* Elisabeth0039.png in Resources */ = {isa = PBXBuildFile; fileRef = 4458E0BD16637B4D00F51B57 /* Elisabeth0039.png */; };
		4458E12B16637B4D00F51B57 /* Elisabeth0040.png in Resources */ = {isa = PBXBuildFile; fileRef = 4458E0BE16637B4D00F51B57 /* Elisabeth0040.png */; };
		4458E12C16637B4D00F51B57 /* Elisabeth0041.png in Resources */ = {isa = PBXBuildFile; fileRef = 4458E0BF16637B4D00F51B57 /* Elisabeth0041.png */; };
		4458E12D16637B4D00F51B57 /* Elisabeth0042.png in Resources */ = {isa = PBXBuildFile; fileRef = 4458E0C016637B4D00F51B57 /* Elisabeth0042.png */; };
		4458E12E16637B4D00F51B57 /* Elisabeth0043.png in Resources */ = {isa = PBXBuildFile; fileRef = 4458E0C116637B4D00F51B57 /* Elisabeth0043.png */; };
		4458E12F16637B4D00F51B57 /* Elisabeth0044.png in Resources */ = {isa = PBXBuildFile; fileRef = 4458E0C216637B4D00F51B57 /* Elisabeth0044.png */; };
		4458E13016637B4D00F51B57 /* Elisabeth0045.png in Resources */ = {isa = PBXBuildFile; fileRef = 4458E0C316637B4D00F51B57 /* Elisabeth0045.png */; };
		4458E13116637B4D00F51B57 /* Elisabeth0046.png in Resources */ = {isa = PBXBuildFile; fileRef = 4458E0C416637B4D00F51B57 /* Elisabeth0046.png */; };
		4458E13216637B4D00F51B57 /* Elisabeth0047.png in Resources */ = {isa = PBXBuildFile; fileRef = 4458E0C516637B4D00F51B57 /* Elisabeth0047.png */; };
		4458E13316637B4D00F51B57 /* Elisabeth0048.png in Resources */ = {isa = PBXBuildFile; fileRef = 4458E0C616637B4D00F51B57 /* Elisabeth0048.png */; };
		4458E13416637B4D00F51B57 /* Elisabeth0049.png in Resources */ = {isa = PBXBuildFile; fileRef = 4458E0C716637B4D00F51B57 /* Elisabeth0049.png */; };
		4458E13516637B4D00F51B57 /* Elisabeth0050.png in Resources */ = {isa = PBXBuildFile; fileRef = 4458E0C816637B4D00F51B57 /* Elisabeth0050.png */; };
		4458E13616637B4D00F51B57 /* Elisabeth0051.png in Resources */ = {isa = PBXBuildFile; fileRef = 4458E0C916637B4D00F51B57 /* Elisabeth0051.png */; };
		4458E13716637B4D00F51B57 /* Elisabeth0052.png in Resources */ = {isa = PBXBuildFile; fileRef = 4458E0CA16637B4D00F51B57 /* Elisabeth0052.png */; };
		4458E13816637B4D00F51B57 /* Elisabeth0053.png in Resources */ = {isa = PBXBuildFile; fileRef = 4458E0CB16637B4D00F51B57 /* Elisabeth0053.png */; };
		4458E13916637B4D00F51B57 /* Elisabeth0054.png in Resources */ = {isa = PBXBuildFile; fileRef = 4458E0CC16637B4D00F51B57 /* Elisabeth0054.png */; };
		4458E13A16637B4D00F51B57 /* Elisabeth0055.png in Resources */ = {isa = PBXBuildFile; fileRef = 4458E0CD16637B4D00F51B57 /* Elisabeth0055.png */; };
		4458E13B16637B4D00F51B57 /* Elisabeth0056.png in Resources */ = {isa = PBXBuildFile; fileRef = 4458E0CE16637B4D00F51B57 /* Elisabeth0056.png */; };
		4458E13C16637B4D00F51B57 /* Elisabeth0057.png in Resources */ = {isa = PBXBuildFile; fileRef = 4458E0CF16637B4D00F51B57 /* Elisabeth0057.png */; };
		4458E13D16637B4D00F51B57 /* Elisabeth0058.png in Resources */ = {isa = PBXBuildFile; fileRef = 4458E0D016637B4D00F51B57 /* Elisabeth0058.png */; };
		4458E13E16637B4D00F51B57 /* Elisabeth0059.png in Resources */ = {isa = PBXBuildFile; fileRef = 4458E0D116637B4D00F51B57 /* Elisabeth0059.png */; };
		4458E13F16637B4D00F51B57 /* Elisabeth0060.png in Resources */ = {isa = PBXBuildFile; fileRef = 4458E0D216637B4D00F51B57 /* Elisabeth0060.png */; };
		4458E14016637B4D00F51B57 /* Elisabeth0061.png in Resources */ = {isa = PBXBuildFile; fileRef = 4458E0D316637B4D00F51B57 /* Elisabeth0061.png */; };
		4458E14116637B4D00F51B57 /* Elisabeth0062.png in Resources */ = {isa = PBXBuildFile; fileRef = 4458E0D416637B4D00F51B57 /* Elisabeth0062.png */; };
		4458E14216637B4D00F51B57 /* Elisabeth0063.png in Resources */ = {isa = PBXBuildFile; fileRef = 4458E0D516637B4D00F51B57 /* Elisabeth0063.png */; };
		4458E14316637B4D00F51B57 /* Elisabeth0064.png in Resources */ = {isa = PBXBuildFile; fileRef = 4458E0D616637B4D00F51B57 /* Elisabeth0064.png */; };
		4458E14416637B4D00F51B57 /* Elisabeth0065.png in Resources */ = {isa = PBXBuildFile; fileRef = 4458E0D716637B4D00F51B57 /* Elisabeth0065.png */; };
		4458E14516637B4D00F51B57 /* Elisabeth0066.png in Resources */ = {isa = PBXBuildFile; fileRef = 4458E0D816637B4D00F51B57 /* Elisabeth0066.png */; };
		4458E14616637B4D00F51B57 /* Elisabeth0067.png in Resources */ = {isa = PBXBuildFile; fileRef = 4458E0D916637B4D00F51B57 /* Elisabeth0067.png */; };
		4458E14716637B4D00F51B57 /* Elisabeth0068.png in Resources */ = {isa = PBXBuildFile; fileRef = 4458E0DA16637B4D00F51B57 /* Elisabeth0068.png */; };
		4458E14816637B4D00F51B57 /* Elisabeth0069.png in Resources */ = {isa = PBXBuildFile; fileRef = 4458E0DB16637B4D00F51B57 /* Elisabeth0069.png */; };
		4458E14916637B4D00F51B57 /* Elisabeth0070.png in Resources */ = {isa = PBXBuildFile; fileRef = 4458E0DC16637B4D00F51B57 /* Elisabeth0070.png */; };
		4458E14A16637B4D00F51B57 /* Elisabeth0071.png in Resources */ = {isa = PBXBuildFile; fileRef = 4458E0DD16637B4D00F51B57 /* Elisabeth0071.png */; };
		4458E14B16637B4D00F51B57 /* Elisabeth0072.png in Resources */ = {isa = PBXBuildFile; fileRef = 4458E0DE16637B4D00F51B57 /* Elisabeth0072.png */; };
		4458E14C16637B4D00F51B57 /* Elisabeth0073.png in Resources */ = {isa = PBXBuildFile; fileRef = 4458E0DF16637B4D00F51B57 /* Elisabeth0073.png */; };
		4458E14D16637B4D00F51B57 /* Elisabeth0074.png in Resources */ = {isa = PBXBuildFile; fileRef = 4458E0E016637B4D00F51B57 /* Elisabeth0074.png */; };
		4458E14E16637B4D00F51B57 /* Elisabeth0075.png in Resources */ = {isa = PBXBuildFile; fileRef = 4458E0E116637B4D00F51B57 /* Elisabeth0075.png */; };
		4458E14F16637B4D00F51B57 /* Elisabeth0076.png in Resources */ = {isa = PBXBuildFile; fileRef = 4458E0E216637B4D00F51B57 /* Elisabeth0076.png */; };
		4458E15016637B4D00F51B57 /* Elisabeth0077.png in Resources */ = {isa = PBXBuildFile; fileRef = 4458E0E316637B4D00F51B57 /* Elisabeth0077.png */; };
		4458E15116637B4D00F51B57 /* Elisabeth0078.png in Resources */ = {isa = PBXBuildFile; fileRef = 4458E0E416637B4D00F51B57 /* Elisabeth0078.png */; };
		4458E15216637B4D00F51B57 /* Elisabeth0079.png in Resources */ = {isa = PBXBuildFile; fileRef = 4458E0E516637B4D00F51B57 /* Elisabeth0079.png */; };
		4458E15316637B4D00F51B57 /* Elisabeth0080.png in Resources */ = {isa = PBXBuildFile; fileRef = 4458E0E616637B4D00F51B57 /* Elisabeth0080.png */; };
		4458E15416637B4D00F51B57 /* Elisabeth0081.png in Resources */ = {isa = PBXBuildFile; fileRef = 4458E0E716637B4D00F51B57 /* Elisabeth0081.png */; };
		4458E15516637B4D00F51B57 /* Elisabeth0082.png in Resources */ = {isa = PBXBuildFile; fileRef = 4458E0E816637B4D00F51B57 /* Elisabeth0082.png */; };
		4458E15616637B4D00F51B57 /* Elisabeth0083.png in Resources */ = {isa = PBXBuildFile; fileRef = 4458E0E916637B4D00F51B57 /* Elisabeth0083.png */; };
		4458E15716637B4D00F51B57 /* Elisabeth0084.png in Resources */ = {isa = PBXBuildFile; fileRef = 4458E0EA16637B4D00F51B57 /* Elisabeth0084.png */; };
		4458E15816637B4D00F51B57 /* Elisabeth0085.png in Resources */ = {isa = PBXBuildFile; fileRef = 4458E0EB16637B4D00F51B57 /* Elisabeth0085.png */; };
		4458E15916637B4D00F51B57 /* Elisabeth0086.png in Resources */ = {isa = PBXBuildFile; fileRef = 4458E0EC16637B4D00F51B57 /* Elisabeth0086.png */; };
		4458E15A16637B4D00F51B57 /* Elisabeth0087.png in Resources */ = {isa = PBXBuildFile; fileRef = 4458E0ED16637B4D00F51B57 /* Elisabeth0087.png */; };
		4458E15B16637B4D00F51B57 /* Elisabeth0088.png in Resources */ = {isa = PBXBuildFile; fileRef = 4458E0EE16637B4D00F51B57 /* Elisabeth0088.png */; };
		4458E15C16637B4D00F51B57 /* Elisabeth0089.png in Resources */ = {isa = PBXBuildFile; fileRef = 4458E0EF16637B4D00F51B57 /* Elisabeth0089.png */; };
		4458E15D16637B4D00F51B57 /* Elisabeth0090.png in Resources */ = {isa = PBXBuildFile; fileRef = 4458E0F016637B4D00F51B57 /* Elisabeth0090.png */; };
		4458E15E16637B4D00F51B57 /* Elisabeth0091.png in Resources */ = {isa = PBXBuildFile; fileRef = 4458E0F116637B4D00F51B57 /* Elisabeth0091.png */; };
		4458E15F16637B4D00F51B57 /* Elisabeth0092.png in Resources */ = {isa = PBXBuildFile; fileRef = 4458E0F216637B4D00F51B57 /* Elisabeth0092.png */; };
		4458E16016637B4D00F51B57 /* Elisabeth0093.png in Resources */ = {isa = PBXBuildFile; fileRef = 4458E0F316637B4D00F51B57 /* Elisabeth0093.png */; };
		4458E16116637B4D00F51B57 /* Elisabeth0094.png in Resources */ = {isa = PBXBuildFile; fileRef = 4458E0F416637B4D00F51B57 /* Elisabeth0094.png */; };
		4458E16216637B4D00F51B57 /* Elisabeth0095.png in Resources */ = {isa = PBXBuildFile; fileRef = 4458E0F516637B4D00F51B57 /* Elisabeth0095.png */; };
		4458E16316637B4D00F51B57 /* Elisabeth0096.png in Resources */ = {isa = PBXBuildFile; fileRef = 4458E0F616637B4D00F51B57 /* Elisabeth0096.png */; };
		4458E16416637B4D00F51B57 /* Elisabeth0097.png in Resources */ = {isa = PBXBuildFile; fileRef = 4458E0F716637B4D00F51B57 /* Elisabeth0097.png */; };
		4458E16516637B4D00F51B57 /* Elisabeth0098.png in Resources */ = {isa = PBXBuildFile; fileRef = 4458E0F816637B4D00F51B57 /* Elisabeth0098.png */; };
		4458E16616637B4D00F51B57 /* Elisabeth0099.png in Resources */ = {isa = PBXBuildFile; fileRef = 4458E0F916637B4D00F51B57 /* Elisabeth0099.png */; };
		4458E16716637B4D00F51B57 /* Elisabeth0100.png in Resources */ = {isa = PBXBuildFile; fileRef = 4458E0FA16637B4D00F51B57 /* Elisabeth0100.png */; };
		4458E16816637B4D00F51B57 /* Elisabeth0101.png in Resources */ = {isa = PBXBuildFile; fileRef = 4458E0FB16637B4D00F51B57 /* Elisabeth0101.png */; };
		4458E16916637B4D00F51B57 /* Elisabeth0102.png in Resources */ = {isa = PBXBuildFile; fileRef = 4458E0FC16637B4D00F51B57 /* Elisabeth0102.png */; };
		4458E16A16637B4D00F51B57 /* Elisabeth0103.png in Resources */ = {isa = PBXBuildFile; fileRef = 4458E0FD16637B4D00F51B57 /* Elisabeth0103.png */; };
		4458E16B16637B4D00F51B57 /* Elisabeth0104.png in Resources */ = {isa = PBXBuildFile; fileRef = 4458E0FE16637B4D00F51B57 /* Elisabeth0104.png */; };
		4458E16C16637B4D00F51B57 /* Elisabeth0105.png in Resources */ = {isa = PBXBuildFile; fileRef = 4458E0FF16637B4D00F51B57 /* Elisabeth0105.png */; };
		4458E16D16637B4D00F51B57 /* Elisabeth0106.png in Resources */ = {isa = PBXBuildFile; fileRef = 4458E10016637B4D00F51B57 /* Elisabeth0106.png */; };
		4458E16E16637B4D00F51B57 /* Elisabeth0107.png in Resources */ = {isa = PBXBuildFile; fileRef = 4458E10116637B4D00F51B57 /* Elisabeth0107.png */; };
		4458E16F16637B4D00F51B57 /* Elisabeth0108.png in Resources */ = {isa = PBXBuildFile; fileRef = 4458E10216637B4D00F51B57 /* Elisabeth0108.png */; };
		4458E17016637B4D00F51B57 /* Thumbs.db in Resources */ = {isa = PBXBuildFile; fileRef = 4458E10316637B4D00F51B57 /* Thumbs.db */; };
		44FF4DB71634E959004BD058 /* UIKit.framework in Frameworks */ = {isa = PBXBuildFile; fileRef = 44FF4DB61634E959004BD058 /* UIKit.framework */; };
		44FF4DB91634E959004BD058 /* Foundation.framework in Frameworks */ = {isa = PBXBuildFile; fileRef = 44FF4DB81634E959004BD058 /* Foundation.framework */; };
		44FF4DBB1634E959004BD058 /* CoreGraphics.framework in Frameworks */ = {isa = PBXBuildFile; fileRef = 44FF4DBA1634E959004BD058 /* CoreGraphics.framework */; };
		44FF4DC11634E959004BD058 /* InfoPlist.strings in Resources */ = {isa = PBXBuildFile; fileRef = 44FF4DBF1634E959004BD058 /* InfoPlist.strings */; };
		44FF4DC31634E959004BD058 /* main.m in Sources */ = {isa = PBXBuildFile; fileRef = 44FF4DC21634E959004BD058 /* main.m */; };
		44FF4DC71634E959004BD058 /* AppDelegate.m in Sources */ = {isa = PBXBuildFile; fileRef = 44FF4DC61634E959004BD058 /* AppDelegate.m */; };
		44FF4DC91634E959004BD058 /* Default.png in Resources */ = {isa = PBXBuildFile; fileRef = 44FF4DC81634E959004BD058 /* Default.png */; };
		44FF4DCB1634E959004BD058 /* Default@2x.png in Resources */ = {isa = PBXBuildFile; fileRef = 44FF4DCA1634E959004BD058 /* Default@2x.png */; };
		44FF4DCD1634E959004BD058 /* Default-568h@2x.png in Resources */ = {isa = PBXBuildFile; fileRef = 44FF4DCC1634E959004BD058 /* Default-568h@2x.png */; };
/* End PBXBuildFile section */

/* Begin PBXFileReference section */
		4443DCE81640315300886C40 /* UIMovieClip.h */ = {isa = PBXFileReference; fileEncoding = 4; lastKnownFileType = sourcecode.c.h; path = UIMovieClip.h; sourceTree = "<group>"; };
		4443DCE91640315300886C40 /* UIMovieClip.m */ = {isa = PBXFileReference; fileEncoding = 4; lastKnownFileType = sourcecode.c.objc; path = UIMovieClip.m; sourceTree = "<group>"; };
		4458E09716637B4D00F51B57 /* Elisabeth0001.png */ = {isa = PBXFileReference; lastKnownFileType = image.png; path = Elisabeth0001.png; sourceTree = "<group>"; };
		4458E09816637B4D00F51B57 /* Elisabeth0002.png */ = {isa = PBXFileReference; lastKnownFileType = image.png; path = Elisabeth0002.png; sourceTree = "<group>"; };
		4458E09916637B4D00F51B57 /* Elisabeth0003.png */ = {isa = PBXFileReference; lastKnownFileType = image.png; path = Elisabeth0003.png; sourceTree = "<group>"; };
		4458E09A16637B4D00F51B57 /* Elisabeth0004.png */ = {isa = PBXFileReference; lastKnownFileType = image.png; path = Elisabeth0004.png; sourceTree = "<group>"; };
		4458E09B16637B4D00F51B57 /* Elisabeth0005.png */ = {isa = PBXFileReference; lastKnownFileType = image.png; path = Elisabeth0005.png; sourceTree = "<group>"; };
		4458E09C16637B4D00F51B57 /* Elisabeth0006.png */ = {isa = PBXFileReference; lastKnownFileType = image.png; path = Elisabeth0006.png; sourceTree = "<group>"; };
		4458E09D16637B4D00F51B57 /* Elisabeth0007.png */ = {isa = PBXFileReference; lastKnownFileType = image.png; path = Elisabeth0007.png; sourceTree = "<group>"; };
		4458E09E16637B4D00F51B57 /* Elisabeth0008.png */ = {isa = PBXFileReference; lastKnownFileType = image.png; path = Elisabeth0008.png; sourceTree = "<group>"; };
		4458E09F16637B4D00F51B57 /* Elisabeth0009.png */ = {isa = PBXFileReference; lastKnownFileType = image.png; path = Elisabeth0009.png; sourceTree = "<group>"; };
		4458E0A016637B4D00F51B57 /* Elisabeth0010.png */ = {isa = PBXFileReference; lastKnownFileType = image.png; path = Elisabeth0010.png; sourceTree = "<group>"; };
		4458E0A116637B4D00F51B57 /* Elisabeth0011.png */ = {isa = PBXFileReference; lastKnownFileType = image.png; path = Elisabeth0011.png; sourceTree = "<group>"; };
		4458E0A216637B4D00F51B57 /* Elisabeth0012.png */ = {isa = PBXFileReference; lastKnownFileType = image.png; path = Elisabeth0012.png; sourceTree = "<group>"; };
		4458E0A316637B4D00F51B57 /* Elisabeth0013.png */ = {isa = PBXFileReference; lastKnownFileType = image.png; path = Elisabeth0013.png; sourceTree = "<group>"; };
		4458E0A416637B4D00F51B57 /* Elisabeth0014.png */ = {isa = PBXFileReference; lastKnownFileType = image.png; path = Elisabeth0014.png; sourceTree = "<group>"; };
		4458E0A516637B4D00F51B57 /* Elisabeth0015.png */ = {isa = PBXFileReference; lastKnownFileType = image.png; path = Elisabeth0015.png; sourceTree = "<group>"; };
		4458E0A616637B4D00F51B57 /* Elisabeth0016.png */ = {isa = PBXFileReference; lastKnownFileType = image.png; path = Elisabeth0016.png; sourceTree = "<group>"; };
		4458E0A716637B4D00F51B57 /* Elisabeth0017.png */ = {isa = PBXFileReference; lastKnownFileType = image.png; path = Elisabeth0017.png; sourceTree = "<group>"; };
		4458E0A816637B4D00F51B57 /* Elisabeth0018.png */ = {isa = PBXFileReference; lastKnownFileType = image.png; path = Elisabeth0018.png; sourceTree = "<group>"; };
		4458E0A916637B4D00F51B57 /* Elisabeth0019.png */ = {isa = PBXFileReference; lastKnownFileType = image.png; path = Elisabeth0019.png; sourceTree = "<group>"; };
		4458E0AA16637B4D00F51B57 /* Elisabeth0020.png */ = {isa = PBXFileReference; lastKnownFileType = image.png; path = Elisabeth0020.png; sourceTree = "<group>"; };
		4458E0AB16637B4D00F51B57 /* Elisabeth0021.png */ = {isa = PBXFileReference; lastKnownFileType = image.png; path = Elisabeth0021.png; sourceTree = "<group>"; };
		4458E0AC16637B4D00F51B57 /* Elisabeth0022.png */ = {isa = PBXFileReference; lastKnownFileType = image.png; path = Elisabeth0022.png; sourceTree = "<group>"; };
		4458E0AD16637B4D00F51B57 /* Elisabeth0023.png */ = {isa = PBXFileReference; lastKnownFileType = image.png; path = Elisabeth0023.png; sourceTree = "<group>"; };
		4458E0AE16637B4D00F51B57 /* Elisabeth0024.png */ = {isa = PBXFileReference; lastKnownFileType = image.png; path = Elisabeth0024.png; sourceTree = "<group>"; };
		4458E0AF16637B4D00F51B57 /* Elisabeth0025.png */ = {isa = PBXFileReference; lastKnownFileType = image.png; path = Elisabeth0025.png; sourceTree = "<group>"; };
		4458E0B016637B4D00F51B57 /* Elisabeth0026.png */ = {isa = PBXFileReference; lastKnownFileType = image.png; path = Elisabeth0026.png; sourceTree = "<group>"; };
		4458E0B116637B4D00F51B57 /* Elisabeth0027.png */ = {isa = PBXFileReference; lastKnownFileType = image.png; path = Elisabeth0027.png; sourceTree = "<group>"; };
		4458E0B216637B4D00F51B57 /* Elisabeth0028.png */ = {isa = PBXFileReference; lastKnownFileType = image.png; path = Elisabeth0028.png; sourceTree = "<group>"; };
		4458E0B316637B4D00F51B57 /* Elisabeth0029.png */ = {isa = PBXFileReference; lastKnownFileType = image.png; path = Elisabeth0029.png; sourceTree = "<group>"; };
		4458E0B416637B4D00F51B57 /* Elisabeth0030.png */ = {isa = PBXFileReference; lastKnownFileType = image.png; path = Elisabeth0030.png; sourceTree = "<group>"; };
		4458E0B516637B4D00F51B57 /* Elisabeth0031.png */ = {isa = PBXFileReference; lastKnownFileType = image.png; path = Elisabeth0031.png; sourceTree = "<group>"; };
		4458E0B616637B4D00F51B57 /* Elisabeth0032.png */ = {isa = PBXFileReference; lastKnownFileType = image.png; path = Elisabeth0032.png; sourceTree = "<group>"; };
		4458E0B716637B4D00F51B57 /* Elisabeth0033.png */ = {isa = PBXFileReference; lastKnownFileType = image.png; path = Elisabeth0033.png; sourceTree = "<group>"; };
		4458E0B816637B4D00F51B57 /* Elisabeth0034.png */ = {isa = PBXFileReference; lastKnownFileType = image.png; path = Elisabeth0034.png; sourceTree = "<group>"; };
		4458E0B916637B4D00F51B57 /* Elisabeth0035.png */ = {isa = PBXFileReference; lastKnownFileType = image.png; path = Elisabeth0035.png; sourceTree = "<group>"; };
		4458E0BA16637B4D00F51B57 /* Elisabeth0036.png */ = {isa = PBXFileReference; lastKnownFileType = image.png; path = Elisabeth0036.png; sourceTree = "<group>"; };
		4458E0BB16637B4D00F51B57 /* Elisabeth0037.png */ = {isa = PBXFileReference; lastKnownFileType = image.png; path = Elisabeth0037.png; sourceTree = "<group>"; };
		4458E0BC16637B4D00F51B57 /* Elisabeth0038.png */ = {isa = PBXFileReference; lastKnownFileType = image.png; path = Elisabeth0038.png; sourceTree = "<group>"; };
		4458E0BD16637B4D00F51B57 /* Elisabeth0039.png */ = {isa = PBXFileReference; lastKnownFileType = image.png; path = Elisabeth0039.png; sourceTree = "<group>"; };
		4458E0BE16637B4D00F51B57 /* Elisabeth0040.png */ = {isa = PBXFileReference; lastKnownFileType = image.png; path = Elisabeth0040.png; sourceTree = "<group>"; };
		4458E0BF16637B4D00F51B57 /* Elisabeth0041.png */ = {isa = PBXFileReference; lastKnownFileType = image.png; path = Elisabeth0041.png; sourceTree = "<group>"; };
		4458E0C016637B4D00F51B57 /* Elisabeth0042.png */ = {isa = PBXFileReference; lastKnownFileType = image.png; path = Elisabeth0042.png; sourceTree = "<group>"; };
		4458E0C116637B4D00F51B57 /* Elisabeth0043.png */ = {isa = PBXFileReference; lastKnownFileType = image.png; path = Elisabeth0043.png; sourceTree = "<group>"; };
		4458E0C216637B4D00F51B57 /* Elisabeth0044.png */ = {isa = PBXFileReference; lastKnownFileType = image.png; path = Elisabeth0044.png; sourceTree = "<group>"; };
		4458E0C316637B4D00F51B57 /* Elisabeth0045.png */ = {isa = PBXFileReference; lastKnownFileType = image.png; path = Elisabeth0045.png; sourceTree = "<group>"; };
		4458E0C416637B4D00F51B57 /* Elisabeth0046.png */ = {isa = PBXFileReference; lastKnownFileType = image.png; path = Elisabeth0046.png; sourceTree = "<group>"; };
		4458E0C516637B4D00F51B57 /* Elisabeth0047.png */ = {isa = PBXFileReference; lastKnownFileType = image.png; path = Elisabeth0047.png; sourceTree = "<group>"; };
		4458E0C616637B4D00F51B57 /* Elisabeth0048.png */ = {isa = PBXFileReference; lastKnownFileType = image.png; path = Elisabeth0048.png; sourceTree = "<group>"; };
		4458E0C716637B4D00F51B57 /* Elisabeth0049.png */ = {isa = PBXFileReference; lastKnownFileType = image.png; path = Elisabeth0049.png; sourceTree = "<group>"; };
		4458E0C816637B4D00F51B57 /* Elisabeth0050.png */ = {isa = PBXFileReference; lastKnownFileType = image.png; path = Elisabeth0050.png; sourceTree = "<group>"; };
		4458E0C916637B4D00F51B57 /* Elisabeth0051.png */ = {isa = PBXFileReference; lastKnownFileType = image.png; path = Elisabeth0051.png; sourceTree = "<group>"; };
		4458E0CA16637B4D00F51B57 /* Elisabeth0052.png */ = {isa = PBXFileReference; lastKnownFileType = image.png; path = Elisabeth0052.png; sourceTree = "<group>"; };
		4458E0CB16637B4D00F51B57 /* Elisabeth0053.png */ = {isa = PBXFileReference; lastKnownFileType = image.png; path = Elisabeth0053.png; sourceTree = "<group>"; };
		4458E0CC16637B4D00F51B57 /* Elisabeth0054.png */ = {isa = PBXFileReference; lastKnownFileType = image.png; path = Elisabeth0054.png; sourceTree = "<group>"; };
		4458E0CD16637B4D00F51B57 /* Elisabeth0055.png */ = {isa = PBXFileReference; lastKnownFileType = image.png; path = Elisabeth0055.png; sourceTree = "<group>"; };
		4458E0CE16637B4D00F51B57 /* Elisabeth0056.png */ = {isa = PBXFileReference; lastKnownFileType = image.png; path = Elisabeth0056.png; sourceTree = "<group>"; };
		4458E0CF16637B4D00F51B57 /* Elisabeth0057.png */ = {isa = PBXFileReference; lastKnownFileType = image.png; path = Elisabeth0057.png; sourceTree = "<group>"; };
		4458E0D016637B4D00F51B57 /* Elisabeth0058.png */ = {isa = PBXFileReference; lastKnownFileType = image.png; path = Elisabeth0058.png; sourceTree = "<group>"; };
		4458E0D116637B4D00F51B57 /* Elisabeth0059.png */ = {isa = PBXFileReference; lastKnownFileType = image.png; path = Elisabeth0059.png; sourceTree = "<group>"; };
		4458E0D216637B4D00F51B57 /* Elisabeth0060.png */ = {isa = PBXFileReference; lastKnownFileType = image.png; path = Elisabeth0060.png; sourceTree = "<group>"; };
		4458E0D316637B4D00F51B57 /* Elisabeth0061.png */ = {isa = PBXFileReference; lastKnownFileType = image.png; path = Elisabeth0061.png; sourceTree = "<group>"; };
		4458E0D416637B4D00F51B57 /* Elisabeth0062.png */ = {isa = PBXFileReference; lastKnownFileType = image.png; path = Elisabeth0062.png; sourceTree = "<group>"; };
		4458E0D516637B4D00F51B57 /* Elisabeth0063.png */ = {isa = PBXFileReference; lastKnownFileType = image.png; path = Elisabeth0063.png; sourceTree = "<group>"; };
		4458E0D616637B4D00F51B57 /* Elisabeth0064.png */ = {isa = PBXFileReference; lastKnownFileType = image.png; path = Elisabeth0064.png; sourceTree = "<group>"; };
		4458E0D716637B4D00F51B57 /* Elisabeth0065.png */ = {isa = PBXFileReference; lastKnownFileType = image.png; path = Elisabeth0065.png; sourceTree = "<group>"; };
		4458E0D816637B4D00F51B57 /* Elisabeth0066.png */ = {isa = PBXFileReference; lastKnownFileType = image.png; path = Elisabeth0066.png; sourceTree = "<group>"; };
		4458E0D916637B4D00F51B57 /* Elisabeth0067.png */ = {isa = PBXFileReference; lastKnownFileType = image.png; path = Elisabeth0067.png; sourceTree = "<group>"; };
		4458E0DA16637B4D00F51B57 /* Elisabeth0068.png */ = {isa = PBXFileReference; lastKnownFileType = image.png; path = Elisabeth0068.png; sourceTree = "<group>"; };
		4458E0DB16637B4D00F51B57 /* Elisabeth0069.png */ = {isa = PBXFileReference; lastKnownFileType = image.png; path = Elisabeth0069.png; sourceTree = "<group>"; };
		4458E0DC16637B4D00F51B57 /* Elisabeth0070.png */ = {isa = PBXFileReference; lastKnownFileType = image.png; path = Elisabeth0070.png; sourceTree = "<group>"; };
		4458E0DD16637B4D00F51B57 /* Elisabeth0071.png */ = {isa = PBXFileReference; lastKnownFileType = image.png; path = Elisabeth0071.png; sourceTree = "<group>"; };
		4458E0DE16637B4D00F51B57 /* Elisabeth0072.png */ = {isa = PBXFileReference; lastKnownFileType = image.png; path = Elisabeth0072.png; sourceTree = "<group>"; };
		4458E0DF16637B4D00F51B57 /* Elisabeth0073.png */ = {isa = PBXFileReference; lastKnownFileType = image.png; path = Elisabeth0073.png; sourceTree = "<group>"; };
		4458E0E016637B4D00F51B57 /* Elisabeth0074.png */ = {isa = PBXFileReference; lastKnownFileType = image.png; path = Elisabeth0074.png; sourceTree = "<group>"; };
		4458E0E116637B4D00F51B57 /* Elisabeth0075.png */ = {isa = PBXFileReference; lastKnownFileType = image.png; path = Elisabeth0075.png; sourceTree = "<group>"; };
		4458E0E216637B4D00F51B57 /* Elisabeth0076.png */ = {isa = PBXFileReference; lastKnownFileType = image.png; path = Elisabeth0076.png; sourceTree = "<group>"; };
		4458E0E316637B4D00F51B57 /* Elisabeth0077.png */ = {isa = PBXFileReference; lastKnownFileType = image.png; path = Elisabeth0077.png; sourceTree = "<group>"; };
		4458E0E416637B4D00F51B57 /* Elisabeth0078.png */ = {isa = PBXFileReference; lastKnownFileType = image.png; path = Elisabeth0078.png; sourceTree = "<group>"; };
		4458E0E516637B4D00F51B57 /* Elisabeth0079.png */ = {isa = PBXFileReference; lastKnownFileType = image.png; path = Elisabeth0079.png; sourceTree = "<group>"; };
		4458E0E616637B4D00F51B57 /* Elisabeth0080.png */ = {isa = PBXFileReference; lastKnownFileType = image.png; path = Elisabeth0080.png; sourceTree = "<group>"; };
		4458E0E716637B4D00F51B57 /* Elisabeth0081.png */ = {isa = PBXFileReference; lastKnownFileType = image.png; path = Elisabeth0081.png; sourceTree = "<group>"; };
		4458E0E816637B4D00F51B57 /* Elisabeth0082.png */ = {isa = PBXFileReference; lastKnownFileType = image.png; path = Elisabeth0082.png; sourceTree = "<group>"; };
		4458E0E916637B4D00F51B57 /* Elisabeth0083.png */ = {isa = PBXFileReference; lastKnownFileType = image.png; path = Elisabeth0083.png; sourceTree = "<group>"; };
		4458E0EA16637B4D00F51B57 /* Elisabeth0084.png */ = {isa = PBXFileReference; lastKnownFileType = image.png; path = Elisabeth0084.png; sourceTree = "<group>"; };
		4458E0EB16637B4D00F51B57 /* Elisabeth0085.png */ = {isa = PBXFileReference; lastKnownFileType = image.png; path = Elisabeth0085.png; sourceTree = "<group>"; };
		4458E0EC16637B4D00F51B57 /* Elisabeth0086.png */ = {isa = PBXFileReference; lastKnownFileType = image.png; path = Elisabeth0086.png; sourceTree = "<group>"; };
		4458E0ED16637B4D00F51B57 /* Elisabeth0087.png */ = {isa = PBXFileReference; lastKnownFileType = image.png; path = Elisabeth0087.png; sourceTree = "<group>"; };
		4458E0EE16637B4D00F51B57 /* Elisabeth0088.png */ = {isa = PBXFileReference; lastKnownFileType = image.png; path = Elisabeth0088.png; sourceTree = "<group>"; };
		4458E0EF16637B4D00F51B57 /* Elisabeth0089.png */ = {isa = PBXFileReference; lastKnownFileType = image.png; path = Elisabeth0089.png; sourceTree = "<group>"; };
		4458E0F016637B4D00F51B57 /* Elisabeth0090.png */ = {isa = PBXFileReference; lastKnownFileType = image.png; path = Elisabeth0090.png; sourceTree = "<group>"; };
		4458E0F116637B4D00F51B57 /* Elisabeth0091.png */ = {isa = PBXFileReference; lastKnownFileType = image.png; path = Elisabeth0091.png; sourceTree = "<group>"; };
		4458E0F216637B4D00F51B57 /* Elisabeth0092.png */ = {isa = PBXFileReference; lastKnownFileType = image.png; path = Elisabeth0092.png; sourceTree = "<group>"; };
		4458E0F316637B4D00F51B57 /* Elisabeth0093.png */ = {isa = PBXFileReference; lastKnownFileType = image.png; path = Elisabeth0093.png; sourceTree = "<group>"; };
		4458E0F416637B4D00F51B57 /* Elisabeth0094.png */ = {isa = PBXFileReference; lastKnownFileType = image.png; path = Elisabeth0094.png; sourceTree = "<group>"; };
		4458E0F516637B4D00F51B57 /* Elisabeth0095.png */ = {isa = PBXFileReference; lastKnownFileType = image.png; path = Elisabeth0095.png; sourceTree = "<group>"; };
		4458E0F616637B4D00F51B57 /* Elisabeth0096.png */ = {isa = PBXFileReference; lastKnownFileType = image.png; path = Elisabeth0096.png; sourceTree = "<group>"; };
		4458E0F716637B4D00F51B57 /* Elisabeth0097.png */ = {isa = PBXFileReference; lastKnownFileType = image.png; path = Elisabeth0097.png; sourceTree = "<group>"; };
		4458E0F816637B4D00F51B57 /* Elisabeth0098.png */ = {isa = PBXFileReference; lastKnownFileType = image.png; path = Elisabeth0098.png; sourceTree = "<group>"; };
		4458E0F916637B4D00F51B57 /* Elisabeth0099.png */ = {isa = PBXFileReference; lastKnownFileType = image.png; path = Elisabeth0099.png; sourceTree = "<group>"; };
		4458E0FA16637B4D00F51B57 /* Elisabeth0100.png */ = {isa = PBXFileReference; lastKnownFileType = image.png; path = Elisabeth0100.png; sourceTree = "<group>"; };
		4458E0FB16637B4D00F51B57 /* Elisabeth0101.png */ = {isa = PBXFileReference; lastKnownFileType = image.png; path = Elisabeth0101.png; sourceTree = "<group>"; };
		4458E0FC16637B4D00F51B57 /* Elisabeth0102.png */ = {isa = PBXFileReference; lastKnownFileType = image.png; path = Elisabeth0102.png; sourceTree = "<group>"; };
		4458E0FD16637B4D00F51B57 /* Elisabeth0103.png */ = {isa = PBXFileReference; lastKnownFileType = image.png; path = Elisabeth0103.png; sourceTree = "<group>"; };
		4458E0FE16637B4D00F51B57 /* Elisabeth0104.png */ = {isa = PBXFileReference; lastKnownFileType = image.png; path = Elisabeth0104.png; sourceTree = "<group>"; };
		4458E0FF16637B4D00F51B57 /* Elisabeth0105.png */ = {isa = PBXFileReference; lastKnownFileType = image.png; path = Elisabeth0105.png; sourceTree = "<group>"; };
		4458E10016637B4D00F51B57 /* Elisabeth0106.png */ = {isa = PBXFileReference; lastKnownFileType = image.png; path = Elisabeth0106.png; sourceTree = "<group>"; };
		4458E10116637B4D00F51B57 /* Elisabeth0107.png */ = {isa = PBXFileReference; lastKnownFileType = image.png; path = Elisabeth0107.png; sourceTree = "<group>"; };
		4458E10216637B4D00F51B57 /* Elisabeth0108.png */ = {isa = PBXFileReference; lastKnownFileType = image.png; path = Elisabeth0108.png; sourceTree = "<group>"; };
		4458E10316637B4D00F51B57 /* Thumbs.db */ = {isa = PBXFileReference; lastKnownFileType = file; path = Thumbs.db; sourceTree = "<group>"; };
		44FF4DB21634E959004BD058 /* MovieClipDemo.app */ = {isa = PBXFileReference; explicitFileType = wrapper.application; includeInIndex = 0; path = MovieClipDemo.app; sourceTree = BUILT_PRODUCTS_DIR; };
		44FF4DB61634E959004BD058 /* UIKit.framework */ = {isa = PBXFileReference; lastKnownFileType = wrapper.framework; name = UIKit.framework; path = System/Library/Frameworks/UIKit.framework; sourceTree = SDKROOT; };
		44FF4DB81634E959004BD058 /* Foundation.framework */ = {isa = PBXFileReference; lastKnownFileType = wrapper.framework; name = Foundation.framework; path = System/Library/Frameworks/Foundation.framework; sourceTree = SDKROOT; };
		44FF4DBA1634E959004BD058 /* CoreGraphics.framework */ = {isa = PBXFileReference; lastKnownFileType = wrapper.framework; name = CoreGraphics.framework; path = System/Library/Frameworks/CoreGraphics.framework; sourceTree = SDKROOT; };
		44FF4DBE1634E959004BD058 /* MovieClipDemo-Info.plist */ = {isa = PBXFileReference; lastKnownFileType = text.plist.xml; path = "MovieClipDemo-Info.plist"; sourceTree = "<group>"; };
		44FF4DC01634E959004BD058 /* en */ = {isa = PBXFileReference; lastKnownFileType = text.plist.strings; name = en; path = en.lproj/InfoPlist.strings; sourceTree = "<group>"; };
		44FF4DC21634E959004BD058 /* main.m */ = {isa = PBXFileReference; lastKnownFileType = sourcecode.c.objc; path = main.m; sourceTree = "<group>"; };
		44FF4DC41634E959004BD058 /* MovieClipDemo-Prefix.pch */ = {isa = PBXFileReference; lastKnownFileType = sourcecode.c.h; path = "MovieClipDemo-Prefix.pch"; sourceTree = "<group>"; };
		44FF4DC51634E959004BD058 /* AppDelegate.h */ = {isa = PBXFileReference; lastKnownFileType = sourcecode.c.h; path = AppDelegate.h; sourceTree = "<group>"; };
		44FF4DC61634E959004BD058 /* AppDelegate.m */ = {isa = PBXFileReference; lastKnownFileType = sourcecode.c.objc; path = AppDelegate.m; sourceTree = "<group>"; };
		44FF4DC81634E959004BD058 /* Default.png */ = {isa = PBXFileReference; lastKnownFileType = image.png; path = Default.png; sourceTree = "<group>"; };
		44FF4DCA1634E959004BD058 /* Default@2x.png */ = {isa = PBXFileReference; lastKnownFileType = image.png; path = "Default@2x.png"; sourceTree = "<group>"; };
		44FF4DCC1634E959004BD058 /* Default-568h@2x.png */ = {isa = PBXFileReference; lastKnownFileType = image.png; path = "Default-568h@2x.png"; sourceTree = "<group>"; };
/* End PBXFileReference section */

/* Begin PBXFrameworksBuildPhase section */
		44FF4DAF1634E959004BD058 /* Frameworks */ = {
			isa = PBXFrameworksBuildPhase;
			buildActionMask = 2147483647;
			files = (
				44FF4DB71634E959004BD058 /* UIKit.framework in Frameworks */,
				44FF4DB91634E959004BD058 /* Foundation.framework in Frameworks */,
				44FF4DBB1634E959004BD058 /* CoreGraphics.framework in Frameworks */,
			);
			runOnlyForDeploymentPostprocessing = 0;
		};
/* End PBXFrameworksBuildPhase section */

/* Begin PBXGroup section */
		4458E09616637B4D00F51B57 /* Elisabeth */ = {
			isa = PBXGroup;
			children = (
				4458E09716637B4D00F51B57 /* Elisabeth0001.png */,
				4458E09816637B4D00F51B57 /* Elisabeth0002.png */,
				4458E09916637B4D00F51B57 /* Elisabeth0003.png */,
				4458E09A16637B4D00F51B57 /* Elisabeth0004.png */,
				4458E09B16637B4D00F51B57 /* Elisabeth0005.png */,
				4458E09C16637B4D00F51B57 /* Elisabeth0006.png */,
				4458E09D16637B4D00F51B57 /* Elisabeth0007.png */,
				4458E09E16637B4D00F51B57 /* Elisabeth0008.png */,
				4458E09F16637B4D00F51B57 /* Elisabeth0009.png */,
				4458E0A016637B4D00F51B57 /* Elisabeth0010.png */,
				4458E0A116637B4D00F51B57 /* Elisabeth0011.png */,
				4458E0A216637B4D00F51B57 /* Elisabeth0012.png */,
				4458E0A316637B4D00F51B57 /* Elisabeth0013.png */,
				4458E0A416637B4D00F51B57 /* Elisabeth0014.png */,
				4458E0A516637B4D00F51B57 /* Elisabeth0015.png */,
				4458E0A616637B4D00F51B57 /* Elisabeth0016.png */,
				4458E0A716637B4D00F51B57 /* Elisabeth0017.png */,
				4458E0A816637B4D00F51B57 /* Elisabeth0018.png */,
				4458E0A916637B4D00F51B57 /* Elisabeth0019.png */,
				4458E0AA16637B4D00F51B57 /* Elisabeth0020.png */,
				4458E0AB16637B4D00F51B57 /* Elisabeth0021.png */,
				4458E0AC16637B4D00F51B57 /* Elisabeth0022.png */,
				4458E0AD16637B4D00F51B57 /* Elisabeth0023.png */,
				4458E0AE16637B4D00F51B57 /* Elisabeth0024.png */,
				4458E0AF16637B4D00F51B57 /* Elisabeth0025.png */,
				4458E0B016637B4D00F51B57 /* Elisabeth0026.png */,
				4458E0B116637B4D00F51B57 /* Elisabeth0027.png */,
				4458E0B216637B4D00F51B57 /* Elisabeth0028.png */,
				4458E0B316637B4D00F51B57 /* Elisabeth0029.png */,
				4458E0B416637B4D00F51B57 /* Elisabeth0030.png */,
				4458E0B516637B4D00F51B57 /* Elisabeth0031.png */,
				4458E0B616637B4D00F51B57 /* Elisabeth0032.png */,
				4458E0B716637B4D00F51B57 /* Elisabeth0033.png */,
				4458E0B816637B4D00F51B57 /* Elisabeth0034.png */,
				4458E0B916637B4D00F51B57 /* Elisabeth0035.png */,
				4458E0BA16637B4D00F51B57 /* Elisabeth0036.png */,
				4458E0BB16637B4D00F51B57 /* Elisabeth0037.png */,
				4458E0BC16637B4D00F51B57 /* Elisabeth0038.png */,
				4458E0BD16637B4D00F51B57 /* Elisabeth0039.png */,
				4458E0BE16637B4D00F51B57 /* Elisabeth0040.png */,
				4458E0BF16637B4D00F51B57 /* Elisabeth0041.png */,
				4458E0C016637B4D00F51B57 /* Elisabeth0042.png */,
				4458E0C116637B4D00F51B57 /* Elisabeth0043.png */,
				4458E0C216637B4D00F51B57 /* Elisabeth0044.png */,
				4458E0C316637B4D00F51B57 /* Elisabeth0045.png */,
				4458E0C416637B4D00F51B57 /* Elisabeth0046.png */,
				4458E0C516637B4D00F51B57 /* Elisabeth0047.png */,
				4458E0C616637B4D00F51B57 /* Elisabeth0048.png */,
				4458E0C716637B4D00F51B57 /* Elisabeth0049.png */,
				4458E0C816637B4D00F51B57 /* Elisabeth0050.png */,
				4458E0C916637B4D00F51B57 /* Elisabeth0051.png */,
				4458E0CA16637B4D00F51B57 /* Elisabeth0052.png */,
				4458E0CB16637B4D00F51B57 /* Elisabeth0053.png */,
				4458E0CC16637B4D00F51B57 /* Elisabeth0054.png */,
				4458E0CD16637B4D00F51B57 /* Elisabeth0055.png */,
				4458E0CE16637B4D00F51B57 /* Elisabeth0056.png */,
				4458E0CF16637B4D00F51B57 /* Elisabeth0057.png */,
				4458E0D016637B4D00F51B57 /* Elisabeth0058.png */,
				4458E0D116637B4D00F51B57 /* Elisabeth0059.png */,
				4458E0D216637B4D00F51B57 /* Elisabeth0060.png */,
				4458E0D316637B4D00F51B57 /* Elisabeth0061.png */,
				4458E0D416637B4D00F51B57 /* Elisabeth0062.png */,
				4458E0D516637B4D00F51B57 /* Elisabeth0063.png */,
				4458E0D616637B4D00F51B57 /* Elisabeth0064.png */,
				4458E0D716637B4D00F51B57 /* Elisabeth0065.png */,
				4458E0D816637B4D00F51B57 /* Elisabeth0066.png */,
				4458E0D916637B4D00F51B57 /* Elisabeth0067.png */,
				4458E0DA16637B4D00F51B57 /* Elisabeth0068.png */,
				4458E0DB16637B4D00F51B57 /* Elisabeth0069.png */,
				4458E0DC16637B4D00F51B57 /* Elisabeth0070.png */,
				4458E0DD16637B4D00F51B57 /* Elisabeth0071.png */,
				4458E0DE16637B4D00F51B57 /* Elisabeth0072.png */,
				4458E0DF16637B4D00F51B57 /* Elisabeth0073.png */,
				4458E0E016637B4D00F51B57 /* Elisabeth0074.png */,
				4458E0E116637B4D00F51B57 /* Elisabeth0075.png */,
				4458E0E216637B4D00F51B57 /* Elisabeth0076.png */,
				4458E0E316637B4D00F51B57 /* Elisabeth0077.png */,
				4458E0E416637B4D00F51B57 /* Elisabeth0078.png */,
				4458E0E516637B4D00F51B57 /* Elisabeth0079.png */,
				4458E0E616637B4D00F51B57 /* Elisabeth0080.png */,
				4458E0E716637B4D00F51B57 /* Elisabeth0081.png */,
				4458E0E816637B4D00F51B57 /* Elisabeth0082.png */,
				4458E0E916637B4D00F51B57 /* Elisabeth0083.png */,
				4458E0EA16637B4D00F51B57 /* Elisabeth0084.png */,
				4458E0EB16637B4D00F51B57 /* Elisabeth0085.png */,
				4458E0EC16637B4D00F51B57 /* Elisabeth0086.png */,
				4458E0ED16637B4D00F51B57 /* Elisabeth0087.png */,
				4458E0EE16637B4D00F51B57 /* Elisabeth0088.png */,
				4458E0EF16637B4D00F51B57 /* Elisabeth0089.png */,
				4458E0F016637B4D00F51B57 /* Elisabeth0090.png */,
				4458E0F116637B4D00F51B57 /* Elisabeth0091.png */,
				4458E0F216637B4D00F51B57 /* Elisabeth0092.png */,
				4458E0F316637B4D00F51B57 /* Elisabeth0093.png */,
				4458E0F416637B4D00F51B57 /* Elisabeth0094.png */,
				4458E0F516637B4D00F51B57 /* Elisabeth0095.png */,
				4458E0F616637B4D00F51B57 /* Elisabeth0096.png */,
				4458E0F716637B4D00F51B57 /* Elisabeth0097.png */,
				4458E0F816637B4D00F51B57 /* Elisabeth0098.png */,
				4458E0F916637B4D00F51B57 /* Elisabeth0099.png */,
				4458E0FA16637B4D00F51B57 /* Elisabeth0100.png */,
				4458E0FB16637B4D00F51B57 /* Elisabeth0101.png */,
				4458E0FC16637B4D00F51B57 /* Elisabeth0102.png */,
				4458E0FD16637B4D00F51B57 /* Elisabeth0103.png */,
				4458E0FE16637B4D00F51B57 /* Elisabeth0104.png */,
				4458E0FF16637B4D00F51B57 /* Elisabeth0105.png */,
				4458E10016637B4D00F51B57 /* Elisabeth0106.png */,
				4458E10116637B4D00F51B57 /* Elisabeth0107.png */,
				4458E10216637B4D00F51B57 /* Elisabeth0108.png */,
				4458E10316637B4D00F51B57 /* Thumbs.db */,
			);
			name = Elisabeth;
			path = MovieClipDemo/Elisabeth;
			sourceTree = "<group>";
		};
		44FF4DA71634E959004BD058 = {
			isa = PBXGroup;
			children = (
				4458E09616637B4D00F51B57 /* Elisabeth */,
				44FF4DBC1634E959004BD058 /* MovieClipDemo */,
				44FF4DB51634E959004BD058 /* Frameworks */,
				44FF4DB31634E959004BD058 /* Products */,
			);
			sourceTree = "<group>";
		};
		44FF4DB31634E959004BD058 /* Products */ = {
			isa = PBXGroup;
			children = (
				44FF4DB21634E959004BD058 /* MovieClipDemo.app */,
			);
			name = Products;
			sourceTree = "<group>";
		};
		44FF4DB51634E959004BD058 /* Frameworks */ = {
			isa = PBXGroup;
			children = (
				44FF4DB61634E959004BD058 /* UIKit.framework */,
				44FF4DB81634E959004BD058 /* Foundation.framework */,
				44FF4DBA1634E959004BD058 /* CoreGraphics.framework */,
			);
			name = Frameworks;
			sourceTree = "<group>";
		};
		44FF4DBC1634E959004BD058 /* MovieClipDemo */ = {
			isa = PBXGroup;
			children = (
				44FF4DD31634ECD5004BD058 /* classes */,
				44FF4DC51634E959004BD058 /* AppDelegate.h */,
				44FF4DC61634E959004BD058 /* AppDelegate.m */,
				44FF4DBD1634E959004BD058 /* Supporting Files */,
			);
			path = MovieClipDemo;
			sourceTree = "<group>";
		};
		44FF4DBD1634E959004BD058 /* Supporting Files */ = {
			isa = PBXGroup;
			children = (
				44FF4DBE1634E959004BD058 /* MovieClipDemo-Info.plist */,
				44FF4DBF1634E959004BD058 /* InfoPlist.strings */,
				44FF4DC21634E959004BD058 /* main.m */,
				44FF4DC41634E959004BD058 /* MovieClipDemo-Prefix.pch */,
				44FF4DC81634E959004BD058 /* Default.png */,
				44FF4DCA1634E959004BD058 /* Default@2x.png */,
				44FF4DCC1634E959004BD058 /* Default-568h@2x.png */,
			);
			name = "Supporting Files";
			sourceTree = "<group>";
		};
		44FF4DD31634ECD5004BD058 /* classes */ = {
			isa = PBXGroup;
			children = (
				4443DCE81640315300886C40 /* UIMovieClip.h */,
				4443DCE91640315300886C40 /* UIMovieClip.m */,
			);
			name = classes;
			sourceTree = "<group>";
		};
/* End PBXGroup section */

/* Begin PBXNativeTarget section */
		44FF4DB11634E959004BD058 /* MovieClipDemo */ = {
			isa = PBXNativeTarget;
			buildConfigurationList = 44FF4DD01634E959004BD058 /* Build configuration list for PBXNativeTarget "MovieClipDemo" */;
			buildPhases = (
				44FF4DAE1634E959004BD058 /* Sources */,
				44FF4DAF1634E959004BD058 /* Frameworks */,
				44FF4DB01634E959004BD058 /* Resources */,
				4458DFB41663444100F51B57 /* ShellScript */,
			);
			buildRules = (
			);
			dependencies = (
			);
			name = MovieClipDemo;
			productName = MovieClipDemo;
			productReference = 44FF4DB21634E959004BD058 /* MovieClipDemo.app */;
			productType = "com.apple.product-type.application";
		};
/* End PBXNativeTarget section */

/* Begin PBXProject section */
		44FF4DA91634E959004BD058 /* Project object */ = {
			isa = PBXProject;
			attributes = {
				LastUpgradeCheck = 0450;
				ORGANIZATIONNAME = binwong;
			};
			buildConfigurationList = 44FF4DAC1634E959004BD058 /* Build configuration list for PBXProject "MovieClipDemo" */;
			compatibilityVersion = "Xcode 3.2";
			developmentRegion = English;
			hasScannedForEncodings = 0;
			knownRegions = (
				en,
			);
			mainGroup = 44FF4DA71634E959004BD058;
			productRefGroup = 44FF4DB31634E959004BD058 /* Products */;
			projectDirPath = "";
			projectRoot = "";
			targets = (
				44FF4DB11634E959004BD058 /* MovieClipDemo */,
			);
		};
/* End PBXProject section */

/* Begin PBXResourcesBuildPhase section */
		44FF4DB01634E959004BD058 /* Resources */ = {
			isa = PBXResourcesBuildPhase;
			buildActionMask = 2147483647;
			files = (
				44FF4DC11634E959004BD058 /* InfoPlist.strings in Resources */,
				44FF4DC91634E959004BD058 /* Default.png in Resources */,
				44FF4DCB1634E959004BD058 /* Default@2x.png in Resources */,
				44FF4DCD1634E959004BD058 /* Default-568h@2x.png in Resources */,
				4458E10416637B4D00F51B57 /* Elisabeth0001.png in Resources */,
				4458E10516637B4D00F51B57 /* Elisabeth0002.png in Resources */,
				4458E10616637B4D00F51B57 /* Elisabeth0003.png in Resources */,
				4458E10716637B4D00F51B57 /* Elisabeth0004.png in Resources */,
				4458E10816637B4D00F51B57 /* Elisabeth0005.png in Resources */,
				4458E10916637B4D00F51B57 /* Elisabeth0006.png in Resources */,
				4458E10A16637B4D00F51B57 /* Elisabeth0007.png in Resources */,
				4458E10B16637B4D00F51B57 /* Elisabeth0008.png in Resources */,
				4458E10C16637B4D00F51B57 /* Elisabeth0009.png in Resources */,
				4458E10D16637B4D00F51B57 /* Elisabeth0010.png in Resources */,
				4458E10E16637B4D00F51B57 /* Elisabeth0011.png in Resources */,
				4458E10F16637B4D00F51B57 /* Elisabeth0012.png in Resources */,
				4458E11016637B4D00F51B57 /* Elisabeth0013.png in Resources */,
				4458E11116637B4D00F51B57 /* Elisabeth0014.png in Resources */,
				4458E11216637B4D00F51B57 /* Elisabeth0015.png in Resources */,
				4458E11316637B4D00F51B57 /* Elisabeth0016.png in Resources */,
				4458E11416637B4D00F51B57 /* Elisabeth0017.png in Resources */,
				4458E11516637B4D00F51B57 /* Elisabeth0018.png in Resources */,
				4458E11616637B4D00F51B57 /* Elisabeth0019.png in Resources */,
				4458E11716637B4D00F51B57 /* Elisabeth0020.png in Resources */,
				4458E11816637B4D00F51B57 /* Elisabeth0021.png in Resources */,
				4458E11916637B4D00F51B57 /* Elisabeth0022.png in Resources */,
				4458E11A16637B4D00F51B57 /* Elisabeth0023.png in Resources */,
				4458E11B16637B4D00F51B57 /* Elisabeth0024.png in Resources */,
				4458E11C16637B4D00F51B57 /* Elisabeth0025.png in Resources */,
				4458E11D16637B4D00F51B57 /* Elisabeth0026.png in Resources */,
				4458E11E16637B4D00F51B57 /* Elisabeth0027.png in Resources */,
				4458E11F16637B4D00F51B57 /* Elisabeth0028.png in Resources */,
				4458E12016637B4D00F51B57 /* Elisabeth0029.png in Resources */,
				4458E12116637B4D00F51B57 /* Elisabeth0030.png in Resources */,
				4458E12216637B4D00F51B57 /* Elisabeth0031.png in Resources */,
				4458E12316637B4D00F51B57 /* Elisabeth0032.png in Resources */,
				4458E12416637B4D00F51B57 /* Elisabeth0033.png in Resources */,
				4458E12516637B4D00F51B57 /* Elisabeth0034.png in Resources */,
				4458E12616637B4D00F51B57 /* Elisabeth0035.png in Resources */,
				4458E12716637B4D00F51B57 /* Elisabeth0036.png in Resources */,
				4458E12816637B4D00F51B57 /* Elisabeth0037.png in Resources */,
				4458E12916637B4D00F51B57 /* Elisabeth0038.png in Resources */,
				4458E12A16637B4D00F51B57 /* Elisabeth0039.png in Resources */,
				4458E12B16637B4D00F51B57 /* Elisabeth0040.png in Resources */,
				4458E12C16637B4D00F51B57 /* Elisabeth0041.png in Resources */,
				4458E12D16637B4D00F51B57 /* Elisabeth0042.png in Resources */,
				4458E12E16637B4D00F51B57 /* Elisabeth0043.png in Resources */,
				4458E12F16637B4D00F51B57 /* Elisabeth0044.png in Resources */,
				4458E13016637B4D00F51B57 /* Elisabeth0045.png in Resources */,
				4458E13116637B4D00F51B57 /* Elisabeth0046.png in Resources */,
				4458E13216637B4D00F51B57 /* Elisabeth0047.png in Resources */,
				4458E13316637B4D00F51B57 /* Elisabeth0048.png in Resources */,
				4458E13416637B4D00F51B57 /* Elisabeth0049.png in Resources */,
				4458E13516637B4D00F51B57 /* Elisabeth0050.png in Resources */,
				4458E13616637B4D00F51B57 /* Elisabeth0051.png in Resources */,
				4458E13716637B4D00F51B57 /* Elisabeth0052.png in Resources */,
				4458E13816637B4D00F51B57 /* Elisabeth0053.png in Resources */,
				4458E13916637B4D00F51B57 /* Elisabeth0054.png in Resources */,
				4458E13A16637B4D00F51B57 /* Elisabeth0055.png in Resources */,
				4458E13B16637B4D00F51B57 /* Elisabeth0056.png in Resources */,
				4458E13C16637B4D00F51B57 /* Elisabeth0057.png in Resources */,
				4458E13D16637B4D00F51B57 /* Elisabeth0058.png in Resources */,
				4458E13E16637B4D00F51B57 /* Elisabeth0059.png in Resources */,
				4458E13F16637B4D00F51B57 /* Elisabeth0060.png in Resources */,
				4458E14016637B4D00F51B57 /* Elisabeth0061.png in Resources */,
				4458E14116637B4D00F51B57 /* Elisabeth0062.png in Resources */,
				4458E14216637B4D00F51B57 /* Elisabeth0063.png in Resources */,
				4458E14316637B4D00F51B57 /* Elisabeth0064.png in Resources */,
				4458E14416637B4D00F51B57 /* Elisabeth0065.png in Resources */,
				4458E14516637B4D00F51B57 /* Elisabeth0066.png in Resources */,
				4458E14616637B4D00F51B57 /* Elisabeth0067.png in Resources */,
				4458E14716637B4D00F51B57 /* Elisabeth0068.png in Resources */,
				4458E14816637B4D00F51B57 /* Elisabeth0069.png in Resources */,
				4458E14916637B4D00F51B57 /* Elisabeth0070.png in Resources */,
				4458E14A16637B4D00F51B57 /* Elisabeth0071.png in Resources */,
				4458E14B16637B4D00F51B57 /* Elisabeth0072.png in Resources */,
				4458E14C16637B4D00F51B57 /* Elisabeth0073.png in Resources */,
				4458E14D16637B4D00F51B57 /* Elisabeth0074.png in Resources */,
				4458E14E16637B4D00F51B57 /* Elisabeth0075.png in Resources */,
				4458E14F16637B4D00F51B57 /* Elisabeth0076.png in Resources */,
				4458E15016637B4D00F51B57 /* Elisabeth0077.png in Resources */,
				4458E15116637B4D00F51B57 /* Elisabeth0078.png in Resources */,
				4458E15216637B4D00F51B57 /* Elisabeth0079.png in Resources */,
				4458E15316637B4D00F51B57 /* Elisabeth0080.png in Resources */,
				4458E15416637B4D00F51B57 /* Elisabeth0081.png in Resources */,
				4458E15516637B4D00F51B57 /* Elisabeth0082.png in Resources */,
				4458E15616637B4D00F51B57 /* Elisabeth0083.png in Resources */,
				4458E15716637B4D00F51B57 /* Elisabeth0084.png in Resources */,
				4458E15816637B4D00F51B57 /* Elisabeth0085.png in Resources */,
				4458E15916637B4D00F51B57 /* Elisabeth0086.png in Resources */,
				4458E15A16637B4D00F51B57 /* Elisabeth0087.png in Resources */,
				4458E15B16637B4D00F51B57 /* Elisabeth0088.png in Resources */,
				4458E15C16637B4D00F51B57 /* Elisabeth0089.png in Resources */,
				4458E15D16637B4D00F51B57 /* Elisabeth0090.png in Resources */,
				4458E15E16637B4D00F51B57 /* Elisabeth0091.png in Resources */,
				4458E15F16637B4D00F51B57 /* Elisabeth0092.png in Resources */,
				4458E16016637B4D00F51B57 /* Elisabeth0093.png in Resources */,
				4458E16116637B4D00F51B57 /* Elisabeth0094.png in Resources */,
				4458E16216637B4D00F51B57 /* Elisabeth0095.png in Resources */,
				4458E16316637B4D00F51B57 /* Elisabeth0096.png in Resources */,
				4458E16416637B4D00F51B57 /* Elisabeth0097.png in Resources */,
				4458E16516637B4D00F51B57 /* Elisabeth0098.png in Resources */,
				4458E16616637B4D00F51B57 /* Elisabeth0099.png in Resources */,
				4458E16716637B4D00F51B57 /* Elisabeth0100.png in Resources */,
				4458E16816637B4D00F51B57 /* Elisabeth0101.png in Resources */,
				4458E16916637B4D00F51B57 /* Elisabeth0102.png in Resources */,
				4458E16A16637B4D00F51B57 /* Elisabeth0103.png in Resources */,
				4458E16B16637B4D00F51B57 /* Elisabeth0104.png in Resources */,
				4458E16C16637B4D00F51B57 /* Elisabeth0105.png in Resources */,
				4458E16D16637B4D00F51B57 /* Elisabeth0106.png in Resources */,
				4458E16E16637B4D00F51B57 /* Elisabeth0107.png in Resources */,
				4458E16F16637B4D00F51B57 /* Elisabeth0108.png in Resources */,
				4458E17016637B4D00F51B57 /* Thumbs.db in Resources */,
			);
			runOnlyForDeploymentPostprocessing = 0;
		};
/* End PBXResourcesBuildPhase section */

/* Begin PBXShellScriptBuildPhase section */
		4458DFB41663444100F51B57 /* ShellScript */ = {
			isa = PBXShellScriptBuildPhase;
			buildActionMask = 2147483647;
			files = (
			);
			inputPaths = (
			);
			outputPaths = (
			);
			runOnlyForDeploymentPostprocessing = 0;
			shellPath = /bin/sh;
			shellScript = "export CODESIGN_ALLOCATE=/Applications/Xcode.app/Contents/Developer/Platforms/iPhoneOS.platform/Developer/usr/bin/codesign_allocate\nif [ \"${PLATFORM_NAME}\" == \"iphoneos\" ] || [ \"${PLATFORM_NAME}\" == \"ipados\" ]; then\n/Applications/Xcode.app/Contents/Developer/iphoneentitlements/gen_entitlements.py \"my.company.${PROJECT_NAME}\" \"${BUILT_PRODUCTS_DIR}/${WRAPPER_NAME}/${PROJECT_NAME}.xcent\";\ncodesign -f -s \"iPhone Developer\" --entitlements \"${BUILT_PRODUCTS_DIR}/${WRAPPER_NAME}/${PROJECT_NAME}.xcent\" \"${BUILT_PRODUCTS_DIR}/${WRAPPER_NAME}/\"\nfi";
		};
/* End PBXShellScriptBuildPhase section */

/* Begin PBXSourcesBuildPhase section */
		44FF4DAE1634E959004BD058 /* Sources */ = {
			isa = PBXSourcesBuildPhase;
			buildActionMask = 2147483647;
			files = (
				44FF4DC31634E959004BD058 /* main.m in Sources */,
				44FF4DC71634E959004BD058 /* AppDelegate.m in Sources */,
				4443DCEA1640315300886C40 /* UIMovieClip.m in Sources */,
			);
			runOnlyForDeploymentPostprocessing = 0;
		};
/* End PBXSourcesBuildPhase section */

/* Begin PBXVariantGroup section */
		44FF4DBF1634E959004BD058 /* InfoPlist.strings */ = {
			isa = PBXVariantGroup;
			children = (
				44FF4DC01634E959004BD058 /* en */,
			);
			name = InfoPlist.strings;
			sourceTree = "<group>";
		};
/* End PBXVariantGroup section */

/* Begin XCBuildConfiguration section */
		44FF4DCE1634E959004BD058 /* Debug */ = {
			isa = XCBuildConfiguration;
			buildSettings = {
				ALWAYS_SEARCH_USER_PATHS = NO;
				CLANG_CXX_LANGUAGE_STANDARD = "gnu++0x";
				CLANG_CXX_LIBRARY = "libc++";
				CLANG_WARN_EMPTY_BODY = YES;
				CLANG_WARN__DUPLICATE_METHOD_MATCH = YES;
				"CODE_SIGN_IDENTITY[sdk=iphoneos*]" = "iPhone Developer";
				COPY_PHASE_STRIP = NO;
				GCC_C_LANGUAGE_STANDARD = gnu99;
				GCC_DYNAMIC_NO_PIC = NO;
				GCC_OPTIMIZATION_LEVEL = 0;
				GCC_PREPROCESSOR_DEFINITIONS = (
					"DEBUG=1",
					"$(inherited)",
				);
				GCC_SYMBOLS_PRIVATE_EXTERN = NO;
				GCC_WARN_ABOUT_RETURN_TYPE = YES;
				GCC_WARN_UNINITIALIZED_AUTOS = YES;
				GCC_WARN_UNUSED_VARIABLE = YES;
				IPHONEOS_DEPLOYMENT_TARGET = 5.1;
				SDKROOT = iphoneos;
			};
			name = Debug;
		};
		44FF4DCF1634E959004BD058 /* Release */ = {
			isa = XCBuildConfiguration;
			buildSettings = {
				ALWAYS_SEARCH_USER_PATHS = NO;
				CLANG_CXX_LANGUAGE_STANDARD = "gnu++0x";
				CLANG_CXX_LIBRARY = "libc++";
				CLANG_WARN_EMPTY_BODY = YES;
				CLANG_WARN__DUPLICATE_METHOD_MATCH = YES;
				"CODE_SIGN_IDENTITY[sdk=iphoneos*]" = "iPhone Developer";
				COPY_PHASE_STRIP = YES;
				GCC_C_LANGUAGE_STANDARD = gnu99;
				GCC_WARN_ABOUT_RETURN_TYPE = YES;
				GCC_WARN_UNINITIALIZED_AUTOS = YES;
				GCC_WARN_UNUSED_VARIABLE = YES;
				IPHONEOS_DEPLOYMENT_TARGET = 5.1;
				OTHER_CFLAGS = "-DNS_BLOCK_ASSERTIONS=1";
				SDKROOT = iphoneos;
				VALIDATE_PRODUCT = YES;
			};
			name = Release;
		};
		44FF4DD11634E959004BD058 /* Debug */ = {
			isa = XCBuildConfiguration;
			buildSettings = {
				"CODE_SIGN_IDENTITY[sdk=iphoneos*]" = "";
				GCC_PRECOMPILE_PREFIX_HEADER = YES;
				GCC_PREFIX_HEADER = "MovieClipDemo/MovieClipDemo-Prefix.pch";
				INFOPLIST_FILE = "MovieClipDemo/MovieClipDemo-Info.plist";
				PRODUCT_NAME = "$(TARGET_NAME)";
				WRAPPER_EXTENSION = app;
			};
			name = Debug;
		};
		44FF4DD21634E959004BD058 /* Release */ = {
			isa = XCBuildConfiguration;
			buildSettings = {
				"CODE_SIGN_IDENTITY[sdk=iphoneos*]" = "";
				GCC_PRECOMPILE_PREFIX_HEADER = YES;
				GCC_PREFIX_HEADER = "MovieClipDemo/MovieClipDemo-Prefix.pch";
				INFOPLIST_FILE = "MovieClipDemo/MovieClipDemo-Info.plist";
				PRODUCT_NAME = "$(TARGET_NAME)";
				WRAPPER_EXTENSION = app;
			};
			name = Release;
		};
/* End XCBuildConfiguration section */

/* Begin XCConfigurationList section */
		44FF4DAC1634E959004BD058 /* Build configuration list for PBXProject "MovieClipDemo" */ = {
			isa = XCConfigurationList;
			buildConfigurations = (
				44FF4DCE1634E959004BD058 /* Debug */,
				44FF4DCF1634E959004BD058 /* Release */,
			);
			defaultConfigurationIsVisible = 0;
			defaultConfigurationName = Release;
		};
		44FF4DD01634E959004BD058 /* Build configuration list for PBXNativeTarget "MovieClipDemo" */ = {
			isa = XCConfigurationList;
			buildConfigurations = (
				44FF4DD11634E959004BD058 /* Debug */,
				44FF4DD21634E959004BD058 /* Release */,
			);
			defaultConfigurationIsVisible = 0;
			defaultConfigurationName = Release;
		};
/* End XCConfigurationList section */
	};
	rootObject = 44FF4DA91634E959004BD058 /* Project object */;
}
